// !$*UTF8*$!
{
	archiveVersion = 1;
	classes = {
	};
	objectVersion = 46;
	objects = {

/* Begin PBXBuildFile section */
		C4AE07441E7ECBEF0027CE37 /* AppDelegate.swift in Sources */ = {isa = PBXBuildFile; fileRef = C4AE07431E7ECBEF0027CE37 /* AppDelegate.swift */; };
		C4AE07491E7ECBF00027CE37 /* Main.storyboard in Resources */ = {isa = PBXBuildFile; fileRef = C4AE07471E7ECBF00027CE37 /* Main.storyboard */; };
		C4AE074B1E7ECBF00027CE37 /* Assets.xcassets in Resources */ = {isa = PBXBuildFile; fileRef = C4AE074A1E7ECBF00027CE37 /* Assets.xcassets */; };
		C4AE074E1E7ECBF00027CE37 /* LaunchScreen.storyboard in Resources */ = {isa = PBXBuildFile; fileRef = C4AE074C1E7ECBF00027CE37 /* LaunchScreen.storyboard */; };
		C4AE07591E7ECBF00027CE37 /* POECTableViewTests.swift in Sources */ = {isa = PBXBuildFile; fileRef = C4AE07581E7ECBF00027CE37 /* POECTableViewTests.swift */; };
		C4AE07641E7ECBF00027CE37 /* POECTableViewUITests.swift in Sources */ = {isa = PBXBuildFile; fileRef = C4AE07631E7ECBF00027CE37 /* POECTableViewUITests.swift */; };
		C4AE07721E7ECCAA0027CE37 /* MyTableViewController.swift in Sources */ = {isa = PBXBuildFile; fileRef = C4AE07711E7ECCAA0027CE37 /* MyTableViewController.swift */; };
/* End PBXBuildFile section */

/* Begin PBXContainerItemProxy section */
		C4AE07551E7ECBF00027CE37 /* PBXContainerItemProxy */ = {
			isa = PBXContainerItemProxy;
			containerPortal = C4AE07381E7ECBEF0027CE37 /* Project object */;
			proxyType = 1;
			remoteGlobalIDString = C4AE073F1E7ECBEF0027CE37;
			remoteInfo = POECTableView;
		};
		C4AE07601E7ECBF00027CE37 /* PBXContainerItemProxy */ = {
			isa = PBXContainerItemProxy;
			containerPortal = C4AE07381E7ECBEF0027CE37 /* Project object */;
			proxyType = 1;
			remoteGlobalIDString = C4AE073F1E7ECBEF0027CE37;
			remoteInfo = POECTableView;
		};
/* End PBXContainerItemProxy section */

/* Begin PBXFileReference section */
		C4AE07401E7ECBEF0027CE37 /* POECTableView.app */ = {isa = PBXFileReference; explicitFileType = wrapper.application; includeInIndex = 0; path = POECTableView.app; sourceTree = BUILT_PRODUCTS_DIR; };
		C4AE07431E7ECBEF0027CE37 /* AppDelegate.swift */ = {isa = PBXFileReference; lastKnownFileType = sourcecode.swift; path = AppDelegate.swift; sourceTree = "<group>"; };
		C4AE07481E7ECBF00027CE37 /* Base */ = {isa = PBXFileReference; lastKnownFileType = file.storyboard; name = Base; path = Base.lproj/Main.storyboard; sourceTree = "<group>"; };
		C4AE074A1E7ECBF00027CE37 /* Assets.xcassets */ = {isa = PBXFileReference; lastKnownFileType = folder.assetcatalog; path = Assets.xcassets; sourceTree = "<group>"; };
		C4AE074D1E7ECBF00027CE37 /* Base */ = {isa = PBXFileReference; lastKnownFileType = file.storyboard; name = Base; path = Base.lproj/LaunchScreen.storyboard; sourceTree = "<group>"; };
		C4AE074F1E7ECBF00027CE37 /* Info.plist */ = {isa = PBXFileReference; lastKnownFileType = text.plist.xml; path = Info.plist; sourceTree = "<group>"; };
		C4AE07541E7ECBF00027CE37 /* POECTableViewTests.xctest */ = {isa = PBXFileReference; explicitFileType = wrapper.cfbundle; includeInIndex = 0; path = POECTableViewTests.xctest; sourceTree = BUILT_PRODUCTS_DIR; };
		C4AE07581E7ECBF00027CE37 /* POECTableViewTests.swift */ = {isa = PBXFileReference; lastKnownFileType = sourcecode.swift; path = POECTableViewTests.swift; sourceTree = "<group>"; };
		C4AE075A1E7ECBF00027CE37 /* Info.plist */ = {isa = PBXFileReference; lastKnownFileType = text.plist.xml; path = Info.plist; sourceTree = "<group>"; };
		C4AE075F1E7ECBF00027CE37 /* POECTableViewUITests.xctest */ = {isa = PBXFileReference; explicitFileType = wrapper.cfbundle; includeInIndex = 0; path = POECTableViewUITests.xctest; sourceTree = BUILT_PRODUCTS_DIR; };
		C4AE07631E7ECBF00027CE37 /* POECTableViewUITests.swift */ = {isa = PBXFileReference; lastKnownFileType = sourcecode.swift; path = POECTableViewUITests.swift; sourceTree = "<group>"; };
		C4AE07651E7ECBF00027CE37 /* Info.plist */ = {isa = PBXFileReference; lastKnownFileType = text.plist.xml; path = Info.plist; sourceTree = "<group>"; };
		C4AE07711E7ECCAA0027CE37 /* MyTableViewController.swift */ = {isa = PBXFileReference; fileEncoding = 4; lastKnownFileType = sourcecode.swift; path = MyTableViewController.swift; sourceTree = "<group>"; };
/* End PBXFileReference section */

/* Begin PBXFrameworksBuildPhase section */
		C4AE073D1E7ECBEF0027CE37 /* Frameworks */ = {
			isa = PBXFrameworksBuildPhase;
			buildActionMask = 2147483647;
			files = (
			);
			runOnlyForDeploymentPostprocessing = 0;
		};
		C4AE07511E7ECBF00027CE37 /* Frameworks */ = {
			isa = PBXFrameworksBuildPhase;
			buildActionMask = 2147483647;
			files = (
			);
			runOnlyForDeploymentPostprocessing = 0;
		};
		C4AE075C1E7ECBF00027CE37 /* Frameworks */ = {
			isa = PBXFrameworksBuildPhase;
			buildActionMask = 2147483647;
			files = (
			);
			runOnlyForDeploymentPostprocessing = 0;
		};
/* End PBXFrameworksBuildPhase section */

/* Begin PBXGroup section */
		C4AE07371E7ECBEF0027CE37 = {
			isa = PBXGroup;
			children = (
				C4AE07421E7ECBEF0027CE37 /* POECTableView */,
				C4AE07571E7ECBF00027CE37 /* POECTableViewTests */,
				C4AE07621E7ECBF00027CE37 /* POECTableViewUITests */,
				C4AE07411E7ECBEF0027CE37 /* Products */,
			);
			sourceTree = "<group>";
		};
		C4AE07411E7ECBEF0027CE37 /* Products */ = {
			isa = PBXGroup;
			children = (
				C4AE07401E7ECBEF0027CE37 /* POECTableView.app */,
				C4AE07541E7ECBF00027CE37 /* POECTableViewTests.xctest */,
				C4AE075F1E7ECBF00027CE37 /* POECTableViewUITests.xctest */,
			);
			name = Products;
			sourceTree = "<group>";
		};
		C4AE07421E7ECBEF0027CE37 /* POECTableView */ = {
			isa = PBXGroup;
			children = (
				C4AE07431E7ECBEF0027CE37 /* AppDelegate.swift */,
				C4AE07471E7ECBF00027CE37 /* Main.storyboard */,
				C4AE074A1E7ECBF00027CE37 /* Assets.xcassets */,
				C4AE074C1E7ECBF00027CE37 /* LaunchScreen.storyboard */,
				C4AE074F1E7ECBF00027CE37 /* Info.plist */,
				C4AE07711E7ECCAA0027CE37 /* MyTableViewController.swift */,
			);
			path = POECTableView;
			sourceTree = "<group>";
		};
		C4AE07571E7ECBF00027CE37 /* POECTableViewTests */ = {
			isa = PBXGroup;
			children = (
				C4AE07581E7ECBF00027CE37 /* POECTableViewTests.swift */,
				C4AE075A1E7ECBF00027CE37 /* Info.plist */,
			);
			path = POECTableViewTests;
			sourceTree = "<group>";
		};
		C4AE07621E7ECBF00027CE37 /* POECTableViewUITests */ = {
			isa = PBXGroup;
			children = (
				C4AE07631E7ECBF00027CE37 /* POECTableViewUITests.swift */,
				C4AE07651E7ECBF00027CE37 /* Info.plist */,
			);
			path = POECTableViewUITests;
			sourceTree = "<group>";
		};
/* End PBXGroup section */

/* Begin PBXNativeTarget section */
		C4AE073F1E7ECBEF0027CE37 /* POECTableView */ = {
			isa = PBXNativeTarget;
			buildConfigurationList = C4AE07681E7ECBF00027CE37 /* Build configuration list for PBXNativeTarget "POECTableView" */;
			buildPhases = (
				C4AE073C1E7ECBEF0027CE37 /* Sources */,
				C4AE073D1E7ECBEF0027CE37 /* Frameworks */,
				C4AE073E1E7ECBEF0027CE37 /* Resources */,
			);
			buildRules = (
			);
			dependencies = (
			);
			name = POECTableView;
			productName = POECTableView;
			productReference = C4AE07401E7ECBEF0027CE37 /* POECTableView.app */;
			productType = "com.apple.product-type.application";
		};
		C4AE07531E7ECBF00027CE37 /* POECTableViewTests */ = {
			isa = PBXNativeTarget;
			buildConfigurationList = C4AE076B1E7ECBF00027CE37 /* Build configuration list for PBXNativeTarget "POECTableViewTests" */;
			buildPhases = (
				C4AE07501E7ECBF00027CE37 /* Sources */,
				C4AE07511E7ECBF00027CE37 /* Frameworks */,
				C4AE07521E7ECBF00027CE37 /* Resources */,
			);
			buildRules = (
			);
			dependencies = (
				C4AE07561E7ECBF00027CE37 /* PBXTargetDependency */,
			);
			name = POECTableViewTests;
			productName = POECTableViewTests;
			productReference = C4AE07541E7ECBF00027CE37 /* POECTableViewTests.xctest */;
			productType = "com.apple.product-type.bundle.unit-test";
		};
		C4AE075E1E7ECBF00027CE37 /* POECTableViewUITests */ = {
			isa = PBXNativeTarget;
			buildConfigurationList = C4AE076E1E7ECBF00027CE37 /* Build configuration list for PBXNativeTarget "POECTableViewUITests" */;
			buildPhases = (
				C4AE075B1E7ECBF00027CE37 /* Sources */,
				C4AE075C1E7ECBF00027CE37 /* Frameworks */,
				C4AE075D1E7ECBF00027CE37 /* Resources */,
			);
			buildRules = (
			);
			dependencies = (
				C4AE07611E7ECBF00027CE37 /* PBXTargetDependency */,
			);
			name = POECTableViewUITests;
			productName = POECTableViewUITests;
			productReference = C4AE075F1E7ECBF00027CE37 /* POECTableViewUITests.xctest */;
			productType = "com.apple.product-type.bundle.ui-testing";
		};
/* End PBXNativeTarget section */

/* Begin PBXProject section */
		C4AE07381E7ECBEF0027CE37 /* Project object */ = {
			isa = PBXProject;
			attributes = {
				LastSwiftUpdateCheck = 0820;
				LastUpgradeCheck = 0820;
				ORGANIZATIONNAME = Coaxys;
				TargetAttributes = {
					C4AE073F1E7ECBEF0027CE37 = {
						CreatedOnToolsVersion = 8.2.1;
						ProvisioningStyle = Automatic;
					};
					C4AE07531E7ECBF00027CE37 = {
						CreatedOnToolsVersion = 8.2.1;
						ProvisioningStyle = Automatic;
						TestTargetID = C4AE073F1E7ECBEF0027CE37;
					};
					C4AE075E1E7ECBF00027CE37 = {
						CreatedOnToolsVersion = 8.2.1;
						ProvisioningStyle = Automatic;
						TestTargetID = C4AE073F1E7ECBEF0027CE37;
					};
				};
			};
			buildConfigurationList = C4AE073B1E7ECBEF0027CE37 /* Build configuration list for PBXProject "POECTableView" */;
			compatibilityVersion = "Xcode 3.2";
			developmentRegion = English;
			hasScannedForEncodings = 0;
			knownRegions = (
				en,
				Base,
			);
			mainGroup = C4AE07371E7ECBEF0027CE37;
			productRefGroup = C4AE07411E7ECBEF0027CE37 /* Products */;
			projectDirPath = "";
			projectRoot = "";
			targets = (
				C4AE073F1E7ECBEF0027CE37 /* POECTableView */,
				C4AE07531E7ECBF00027CE37 /* POECTableViewTests */,
				C4AE075E1E7ECBF00027CE37 /* POECTableViewUITests */,
			);
		};
/* End PBXProject section */

/* Begin PBXResourcesBuildPhase section */
		C4AE073E1E7ECBEF0027CE37 /* Resources */ = {
			isa = PBXResourcesBuildPhase;
			buildActionMask = 2147483647;
			files = (
				C4AE074E1E7ECBF00027CE37 /* LaunchScreen.storyboard in Resources */,
				C4AE074B1E7ECBF00027CE37 /* Assets.xcassets in Resources */,
				C4AE07491E7ECBF00027CE37 /* Main.storyboard in Resources */,
			);
			runOnlyForDeploymentPostprocessing = 0;
		};
		C4AE07521E7ECBF00027CE37 /* Resources */ = {
			isa = PBXResourcesBuildPhase;
			buildActionMask = 2147483647;
			files = (
			);
			runOnlyForDeploymentPostprocessing = 0;
		};
		C4AE075D1E7ECBF00027CE37 /* Resources */ = {
			isa = PBXResourcesBuildPhase;
			buildActionMask = 2147483647;
			files = (
			);
			runOnlyForDeploymentPostprocessing = 0;
		};
/* End PBXResourcesBuildPhase section */

/* Begin PBXSourcesBuildPhase section */
		C4AE073C1E7ECBEF0027CE37 /* Sources */ = {
			isa = PBXSourcesBuildPhase;
			buildActionMask = 2147483647;
			files = (
				C4AE07721E7ECCAA0027CE37 /* MyTableViewController.swift in Sources */,
				C4AE07441E7ECBEF0027CE37 /* AppDelegate.swift in Sources */,
			);
			runOnlyForDeploymentPostprocessing = 0;
		};
		C4AE07501E7ECBF00027CE37 /* Sources */ = {
			isa = PBXSourcesBuildPhase;
			buildActionMask = 2147483647;
			files = (
				C4AE07591E7ECBF00027CE37 /* POECTableViewTests.swift in Sources */,
			);
			runOnlyForDeploymentPostprocessing = 0;
		};
		C4AE075B1E7ECBF00027CE37 /* Sources */ = {
			isa = PBXSourcesBuildPhase;
			buildActionMask = 2147483647;
			files = (
				C4AE07641E7ECBF00027CE37 /* POECTableViewUITests.swift in Sources */,
			);
			runOnlyForDeploymentPostprocessing = 0;
		};
/* End PBXSourcesBuildPhase section */

/* Begin PBXTargetDependency section */
		C4AE07561E7ECBF00027CE37 /* PBXTargetDependency */ = {
			isa = PBXTargetDependency;
			target = C4AE073F1E7ECBEF0027CE37 /* POECTableView */;
			targetProxy = C4AE07551E7ECBF00027CE37 /* PBXContainerItemProxy */;
		};
		C4AE07611E7ECBF00027CE37 /* PBXTargetDependency */ = {
			isa = PBXTargetDependency;
			target = C4AE073F1E7ECBEF0027CE37 /* POECTableView */;
			targetProxy = C4AE07601E7ECBF00027CE37 /* PBXContainerItemProxy */;
		};
/* End PBXTargetDependency section */

/* Begin PBXVariantGroup section */
		C4AE07471E7ECBF00027CE37 /* Main.storyboard */ = {
			isa = PBXVariantGroup;
			children = (
				C4AE07481E7ECBF00027CE37 /* Base */,
			);
			name = Main.storyboard;
			sourceTree = "<group>";
		};
		C4AE074C1E7ECBF00027CE37 /* LaunchScreen.storyboard */ = {
			isa = PBXVariantGroup;
			children = (
				C4AE074D1E7ECBF00027CE37 /* Base */,
			);
			name = LaunchScreen.storyboard;
			sourceTree = "<group>";
		};
/* End PBXVariantGroup section */

/* Begin XCBuildConfiguration section */
		C4AE07661E7ECBF00027CE37 /* Debug */ = {
			isa = XCBuildConfiguration;
			buildSettings = {
				ALWAYS_SEARCH_USER_PATHS = NO;
				CLANG_ANALYZER_NONNULL = YES;
				CLANG_CXX_LANGUAGE_STANDARD = "gnu++0x";
				CLANG_CXX_LIBRARY = "libc++";
				CLANG_ENABLE_MODULES = YES;
				CLANG_ENABLE_OBJC_ARC = YES;
				CLANG_WARN_BOOL_CONVERSION = YES;
				CLANG_WARN_CONSTANT_CONVERSION = YES;
				CLANG_WARN_DIRECT_OBJC_ISA_USAGE = YES_ERROR;
				CLANG_WARN_DOCUMENTATION_COMMENTS = YES;
				CLANG_WARN_EMPTY_BODY = YES;
				CLANG_WARN_ENUM_CONVERSION = YES;
				CLANG_WARN_INFINITE_RECURSION = YES;
				CLANG_WARN_INT_CONVERSION = YES;
				CLANG_WARN_OBJC_ROOT_CLASS = YES_ERROR;
				CLANG_WARN_SUSPICIOUS_MOVE = YES;
				CLANG_WARN_UNREACHABLE_CODE = YES;
				CLANG_WARN__DUPLICATE_METHOD_MATCH = YES;
				"CODE_SIGN_IDENTITY[sdk=iphoneos*]" = "iPhone Developer";
				COPY_PHASE_STRIP = NO;
				DEBUG_INFORMATION_FORMAT = dwarf;
				ENABLE_STRICT_OBJC_MSGSEND = YES;
				ENABLE_TESTABILITY = YES;
				GCC_C_LANGUAGE_STANDARD = gnu99;
				GCC_DYNAMIC_NO_PIC = NO;
				GCC_NO_COMMON_BLOCKS = YES;
				GCC_OPTIMIZATION_LEVEL = 0;
				GCC_PREPROCESSOR_DEFINITIONS = (
					"DEBUG=1",
					"$(inherited)",
				);
				GCC_WARN_64_TO_32_BIT_CONVERSION = YES;
				GCC_WARN_ABOUT_RETURN_TYPE = YES_ERROR;
				GCC_WARN_UNDECLARED_SELECTOR = YES;
				GCC_WARN_UNINITIALIZED_AUTOS = YES_AGGRESSIVE;
				GCC_WARN_UNUSED_FUNCTION = YES;
				GCC_WARN_UNUSED_VARIABLE = YES;
				IPHONEOS_DEPLOYMENT_TARGET = 10.2;
				MTL_ENABLE_DEBUG_INFO = YES;
				ONLY_ACTIVE_ARCH = YES;
				SDKROOT = iphoneos;
				SWIFT_ACTIVE_COMPILATION_CONDITIONS = DEBUG;
				SWIFT_OPTIMIZATION_LEVEL = "-Onone";
				TARGETED_DEVICE_FAMILY = "1,2";
			};
			name = Debug;
		};
		C4AE07671E7ECBF00027CE37 /* Release */ = {
			isa = XCBuildConfiguration;
			buildSettings = {
				ALWAYS_SEARCH_USER_PATHS = NO;
				CLANG_ANALYZER_NONNULL = YES;
				CLANG_CXX_LANGUAGE_STANDARD = "gnu++0x";
				CLANG_CXX_LIBRARY = "libc++";
				CLANG_ENABLE_MODULES = YES;
				CLANG_ENABLE_OBJC_ARC = YES;
				CLANG_WARN_BOOL_CONVERSION = YES;
				CLANG_WARN_CONSTANT_CONVERSION = YES;
				CLANG_WARN_DIRECT_OBJC_ISA_USAGE = YES_ERROR;
				CLANG_WARN_DOCUMENTATION_COMMENTS = YES;
				CLANG_WARN_EMPTY_BODY = YES;
				CLANG_WARN_ENUM_CONVERSION = YES;
				CLANG_WARN_INFINITE_RECURSION = YES;
				CLANG_WARN_INT_CONVERSION = YES;
				CLANG_WARN_OBJC_ROOT_CLASS = YES_ERROR;
				CLANG_WARN_SUSPICIOUS_MOVE = YES;
				CLANG_WARN_UNREACHABLE_CODE = YES;
				CLANG_WARN__DUPLICATE_METHOD_MATCH = YES;
				"CODE_SIGN_IDENTITY[sdk=iphoneos*]" = "iPhone Developer";
				COPY_PHASE_STRIP = NO;
				DEBUG_INFORMATION_FORMAT = "dwarf-with-dsym";
				ENABLE_NS_ASSERTIONS = NO;
				ENABLE_STRICT_OBJC_MSGSEND = YES;
				GCC_C_LANGUAGE_STANDARD = gnu99;
				GCC_NO_COMMON_BLOCKS = YES;
				GCC_WARN_64_TO_32_BIT_CONVERSION = YES;
				GCC_WARN_ABOUT_RETURN_TYPE = YES_ERROR;
				GCC_WARN_UNDECLARED_SELECTOR = YES;
				GCC_WARN_UNINITIALIZED_AUTOS = YES_AGGRESSIVE;
				GCC_WARN_UNUSED_FUNCTION = YES;
				GCC_WARN_UNUSED_VARIABLE = YES;
				IPHONEOS_DEPLOYMENT_TARGET = 10.2;
				MTL_ENABLE_DEBUG_INFO = NO;
				SDKROOT = iphoneos;
				SWIFT_OPTIMIZATION_LEVEL = "-Owholemodule";
				TARGETED_DEVICE_FAMILY = "1,2";
				VALIDATE_PRODUCT = YES;
			};
			name = Release;
		};
		C4AE07691E7ECBF00027CE37 /* Debug */ = {
			isa = XCBuildConfiguration;
			buildSettings = {
				ASSETCATALOG_COMPILER_APPICON_NAME = AppIcon;
				INFOPLIST_FILE = POECTableView/Info.plist;
				LD_RUNPATH_SEARCH_PATHS = "$(inherited) @executable_path/Frameworks";
				PRODUCT_BUNDLE_IDENTIFIER = com.coaxys.POECTableView;
				PRODUCT_NAME = "$(TARGET_NAME)";
				SWIFT_VERSION = 3.0;
			};
			name = Debug;
		};
		C4AE076A1E7ECBF00027CE37 /* Release */ = {
			isa = XCBuildConfiguration;
			buildSettings = {
				ASSETCATALOG_COMPILER_APPICON_NAME = AppIcon;
				INFOPLIST_FILE = POECTableView/Info.plist;
				LD_RUNPATH_SEARCH_PATHS = "$(inherited) @executable_path/Frameworks";
				PRODUCT_BUNDLE_IDENTIFIER = com.coaxys.POECTableView;
				PRODUCT_NAME = "$(TARGET_NAME)";
				SWIFT_VERSION = 3.0;
			};
			name = Release;
		};
		C4AE076C1E7ECBF00027CE37 /* Debug */ = {
			isa = XCBuildConfiguration;
			buildSettings = {
				ALWAYS_EMBED_SWIFT_STANDARD_LIBRARIES = YES;
				BUNDLE_LOADER = "$(TEST_HOST)";
				INFOPLIST_FILE = POECTableViewTests/Info.plist;
				LD_RUNPATH_SEARCH_PATHS = "$(inherited) @executable_path/Frameworks @loader_path/Frameworks";
				PRODUCT_BUNDLE_IDENTIFIER = com.coaxys.POECTableViewTests;
				PRODUCT_NAME = "$(TARGET_NAME)";
				SWIFT_VERSION = 3.0;
				TEST_HOST = "$(BUILT_PRODUCTS_DIR)/POECTableView.app/POECTableView";
			};
			name = Debug;
		};
		C4AE076D1E7ECBF00027CE37 /* Release */ = {
			isa = XCBuildConfiguration;
			buildSettings = {
				ALWAYS_EMBED_SWIFT_STANDARD_LIBRARIES = YES;
				BUNDLE_LOADER = "$(TEST_HOST)";
				INFOPLIST_FILE = POECTableViewTests/Info.plist;
				LD_RUNPATH_SEARCH_PATHS = "$(inherited) @executable_path/Frameworks @loader_path/Frameworks";
				PRODUCT_BUNDLE_IDENTIFIER = com.coaxys.POECTableViewTests;
				PRODUCT_NAME = "$(TARGET_NAME)";
				SWIFT_VERSION = 3.0;
				TEST_HOST = "$(BUILT_PRODUCTS_DIR)/POECTableView.app/POECTableView";
			};
			name = Release;
		};
		C4AE076F1E7ECBF00027CE37 /* Debug */ = {
			isa = XCBuildConfiguration;
			buildSettings = {
				ALWAYS_EMBED_SWIFT_STANDARD_LIBRARIES = YES;
				INFOPLIST_FILE = POECTableViewUITests/Info.plist;
				LD_RUNPATH_SEARCH_PATHS = "$(inherited) @executable_path/Frameworks @loader_path/Frameworks";
				PRODUCT_BUNDLE_IDENTIFIER = com.coaxys.POECTableViewUITests;
				PRODUCT_NAME = "$(TARGET_NAME)";
				SWIFT_VERSION = 3.0;
				TEST_TARGET_NAME = POECTableView;
			};
			name = Debug;
		};
		C4AE07701E7ECBF00027CE37 /* Release */ = {
			isa = XCBuildConfiguration;
			buildSettings = {
				ALWAYS_EMBED_SWIFT_STANDARD_LIBRARIES = YES;
				INFOPLIST_FILE = POECTableViewUITests/Info.plist;
				LD_RUNPATH_SEARCH_PATHS = "$(inherited) @executable_path/Frameworks @loader_path/Frameworks";
				PRODUCT_BUNDLE_IDENTIFIER = com.coaxys.POECTableViewUITests;
				PRODUCT_NAME = "$(TARGET_NAME)";
				SWIFT_VERSION = 3.0;
				TEST_TARGET_NAME = POECTableView;
			};
			name = Release;
		};
/* End XCBuildConfiguration section */

/* Begin XCConfigurationList section */
		C4AE073B1E7ECBEF0027CE37 /* Build configuration list for PBXProject "POECTableView" */ = {
			isa = XCConfigurationList;
			buildConfigurations = (
				C4AE07661E7ECBF00027CE37 /* Debug */,
				C4AE07671E7ECBF00027CE37 /* Release */,
			);
			defaultConfigurationIsVisible = 0;
			defaultConfigurationName = Release;
		};
		C4AE07681E7ECBF00027CE37 /* Build configuration list for PBXNativeTarget "POECTableView" */ = {
			isa = XCConfigurationList;
			buildConfigurations = (
				C4AE07691E7ECBF00027CE37 /* Debug */,
				C4AE076A1E7ECBF00027CE37 /* Release */,
			);
			defaultConfigurationIsVisible = 0;
		};
		C4AE076B1E7ECBF00027CE37 /* Build configuration list for PBXNativeTarget "POECTableViewTests" */ = {
			isa = XCConfigurationList;
			buildConfigurations = (
				C4AE076C1E7ECBF00027CE37 /* Debug */,
				C4AE076D1E7ECBF00027CE37 /* Release */,
			);
			defaultConfigurationIsVisible = 0;
		};
		C4AE076E1E7ECBF00027CE37 /* Build configuration list for PBXNativeTarget "POECTableViewUITests" */ = {
			isa = XCConfigurationList;
			buildConfigurations = (
				C4AE076F1E7ECBF00027CE37 /* Debug */,
				C4AE07701E7ECBF00027CE37 /* Release */,
			);
			defaultConfigurationIsVisible = 0;
		};
/* End XCConfigurationList section */
	};
	rootObject = C4AE07381E7ECBEF0027CE37 /* Project object */;
}
